
Microsoft Visual Studio Solution File, Format Version 12.00
# Visual Studio 15
VisualStudioVersion = 15.0.26124.0
MinimumVisualStudioVersion = 15.0.26124.0
Project("{2150E333-8FDC-42A3-9474-1A3956D46DE8}") = "src", "src", "{FD21BF13-989F-4266-B7DC-B79A6FA80D32}"
EndProject
Project("{FAE04EC0-301F-11D3-BF4B-00C04F79EFBC}") = "CommandAPI", "src\CommandAPI\CommandAPI.csproj", "{57D2009A-0AE1-4C2F-B73D-E9AA8F8BEE27}"
EndProject
Project("{2150E333-8FDC-42A3-9474-1A3956D46DE8}") = "test", "test", "{EFF611AC-1E00-451E-BC30-E5B82A97DA6A}"
EndProject
Project("{FAE04EC0-301F-11D3-BF4B-00C04F79EFBC}") = "CommandAPI.Tests", "test\CommandAPI.Tests\CommandAPI.Tests.csproj", "{A14C33F9-DA69-484B-8B58-79E6FDC40240}"
EndProject
Project("{FAE04EC0-301F-11D3-BF4B-00C04F79EFBC}") = "CommandDAL", "src\CommandDAL\CommandDAL.csproj", "{A92A1607-4004-4EE4-8231-87825F76FC1E}"
EndProject
Global
	GlobalSection(SolutionConfigurationPlatforms) = preSolution
		Debug|Any CPU = Debug|Any CPU
		Debug|x64 = Debug|x64
		Debug|x86 = Debug|x86
		Release|Any CPU = Release|Any CPU
		Release|x64 = Release|x64
		Release|x86 = Release|x86
	EndGlobalSection
	GlobalSection(SolutionProperties) = preSolution
		HideSolutionNode = FALSE
	EndGlobalSection
	GlobalSection(ProjectConfigurationPlatforms) = postSolution
		{57D2009A-0AE1-4C2F-B73D-E9AA8F8BEE27}.Debug|Any CPU.ActiveCfg = Debug|Any CPU
		{57D2009A-0AE1-4C2F-B73D-E9AA8F8BEE27}.Debug|Any CPU.Build.0 = Debug|Any CPU
		{57D2009A-0AE1-4C2F-B73D-E9AA8F8BEE27}.Debug|x64.ActiveCfg = Debug|Any CPU
		{57D2009A-0AE1-4C2F-B73D-E9AA8F8BEE27}.Debug|x64.Build.0 = Debug|Any CPU
		{57D2009A-0AE1-4C2F-B73D-E9AA8F8BEE27}.Debug|x86.ActiveCfg = Debug|Any CPU
		{57D2009A-0AE1-4C2F-B73D-E9AA8F8BEE27}.Debug|x86.Build.0 = Debug|Any CPU
		{57D2009A-0AE1-4C2F-B73D-E9AA8F8BEE27}.Release|Any CPU.ActiveCfg = Release|Any CPU
		{57D2009A-0AE1-4C2F-B73D-E9AA8F8BEE27}.Release|Any CPU.Build.0 = Release|Any CPU
		{57D2009A-0AE1-4C2F-B73D-E9AA8F8BEE27}.Release|x64.ActiveCfg = Release|Any CPU
		{57D2009A-0AE1-4C2F-B73D-E9AA8F8BEE27}.Release|x64.Build.0 = Release|Any CPU
		{57D2009A-0AE1-4C2F-B73D-E9AA8F8BEE27}.Release|x86.ActiveCfg = Release|Any CPU
		{57D2009A-0AE1-4C2F-B73D-E9AA8F8BEE27}.Release|x86.Build.0 = Release|Any CPU
		{A14C33F9-DA69-484B-8B58-79E6FDC40240}.Debug|Any CPU.ActiveCfg = Debug|Any CPU
		{A14C33F9-DA69-484B-8B58-79E6FDC40240}.Debug|Any CPU.Build.0 = Debug|Any CPU
		{A14C33F9-DA69-484B-8B58-79E6FDC40240}.Debug|x64.ActiveCfg = Debug|Any CPU
		{A14C33F9-DA69-484B-8B58-79E6FDC40240}.Debug|x64.Build.0 = Debug|Any CPU
		{A14C33F9-DA69-484B-8B58-79E6FDC40240}.Debug|x86.ActiveCfg = Debug|Any CPU
		{A14C33F9-DA69-484B-8B58-79E6FDC40240}.Debug|x86.Build.0 = Debug|Any CPU
		{A14C33F9-DA69-484B-8B58-79E6FDC40240}.Release|Any CPU.ActiveCfg = Release|Any CPU
		{A14C33F9-DA69-484B-8B58-79E6FDC40240}.Release|Any CPU.Build.0 = Release|Any CPU
		{A14C33F9-DA69-484B-8B58-79E6FDC40240}.Release|x64.ActiveCfg = Release|Any CPU
		{A14C33F9-DA69-484B-8B58-79E6FDC40240}.Release|x64.Build.0 = Release|Any CPU
		{A14C33F9-DA69-484B-8B58-79E6FDC40240}.Release|x86.ActiveCfg = Release|Any CPU
		{A14C33F9-DA69-484B-8B58-79E6FDC40240}.Release|x86.Build.0 = Release|Any CPU
		{A92A1607-4004-4EE4-8231-87825F76FC1E}.Debug|Any CPU.ActiveCfg = Debug|Any CPU
		{A92A1607-4004-4EE4-8231-87825F76FC1E}.Debug|Any CPU.Build.0 = Debug|Any CPU
		{A92A1607-4004-4EE4-8231-87825F76FC1E}.Debug|x64.ActiveCfg = Debug|Any CPU
		{A92A1607-4004-4EE4-8231-87825F76FC1E}.Debug|x64.Build.0 = Debug|Any CPU
		{A92A1607-4004-4EE4-8231-87825F76FC1E}.Debug|x86.ActiveCfg = Debug|Any CPU
		{A92A1607-4004-4EE4-8231-87825F76FC1E}.Debug|x86.Build.0 = Debug|Any CPU
		{A92A1607-4004-4EE4-8231-87825F76FC1E}.Release|Any CPU.ActiveCfg = Release|Any CPU
		{A92A1607-4004-4EE4-8231-87825F76FC1E}.Release|Any CPU.Build.0 = Release|Any CPU
		{A92A1607-4004-4EE4-8231-87825F76FC1E}.Release|x64.ActiveCfg = Release|Any CPU
		{A92A1607-4004-4EE4-8231-87825F76FC1E}.Release|x64.Build.0 = Release|Any CPU
		{A92A1607-4004-4EE4-8231-87825F76FC1E}.Release|x86.ActiveCfg = Release|Any CPU
		{A92A1607-4004-4EE4-8231-87825F76FC1E}.Release|x86.Build.0 = Release|Any CPU
	EndGlobalSection
	GlobalSection(NestedProjects) = preSolution
		{57D2009A-0AE1-4C2F-B73D-E9AA8F8BEE27} = {FD21BF13-989F-4266-B7DC-B79A6FA80D32}
		{A14C33F9-DA69-484B-8B58-79E6FDC40240} = {EFF611AC-1E00-451E-BC30-E5B82A97DA6A}
		{A92A1607-4004-4EE4-8231-87825F76FC1E} = {FD21BF13-989F-4266-B7DC-B79A6FA80D32}
	EndGlobalSection
EndGlobal
